{
  "name": "spfx",
  "version": "0.0.1",
  "lockfileVersion": 1,
  "requires": true,
  "dependencies": {
    "@types/knockout": {
      "version": "3.4.39",
      "resolved": "https://registry.npmjs.org/@types/knockout/-/knockout-3.4.39.tgz",
      "integrity": "sha1-9CGEj5KqmW/8v5/506pX0gOKsS4="
    },
    "knockout": {
      "version": "3.4.0",
      "resolved": "https://registry.npmjs.org/knockout/-/knockout-3.4.0.tgz",
      "integrity": "sha1-WdcmGBWhHrfBo/PHB3yomKRMqts="
    }
  }
}
